
Microsoft Visual Studio Solution File, Format Version 12.00
# Visual Studio 15
Project("{FAE04EC0-301F-11D3-BF4B-00C04F79EFBC}") = "Amathus.Reader", "Amathus.Reader\Amathus.Reader.csproj", "{12C0544C-1445-4204-BF5C-1FFCC8C321EC}"
EndProject
Project("{FAE04EC0-301F-11D3-BF4B-00C04F79EFBC}") = "Amathus.Web", "Amathus.Web\Amathus.Web.csproj", "{097AD09E-8FD9-49BA-999E-41A5EC239FD9}"
EndProject
Project("{2150E333-8FDC-42A3-9474-1A3956D46DE8}") = "Solution Items", "Solution Items", "{6E51F196-6E56-4844-98A5-6149929C27C0}"
	ProjectSection(SolutionItems) = preProject
		Dockerfile = Dockerfile
	EndProjectSection
EndProject
Project("{FAE04EC0-301F-11D3-BF4B-00C04F79EFBC}") = "Amathus.Fetcher", "Amathus.Fetcher\Amathus.Fetcher.csproj", "{F3C456F1-BAA2-4EF5-9370-62F8F2DC65CF}"
EndProject
Project("{FAE04EC0-301F-11D3-BF4B-00C04F79EFBC}") = "Amathus.FuncTests", "Amathus.FuncTests\Amathus.FuncTests.csproj", "{7F018DCB-A236-428B-AFD0-1C494682C6DC}"
EndProject
Global
	GlobalSection(SolutionConfigurationPlatforms) = preSolution
		Debug|Any CPU = Debug|Any CPU
		Release|Any CPU = Release|Any CPU
	EndGlobalSection
	GlobalSection(ProjectConfigurationPlatforms) = postSolution
		{12C0544C-1445-4204-BF5C-1FFCC8C321EC}.Debug|Any CPU.ActiveCfg = Debug|Any CPU
		{12C0544C-1445-4204-BF5C-1FFCC8C321EC}.Debug|Any CPU.Build.0 = Debug|Any CPU
		{12C0544C-1445-4204-BF5C-1FFCC8C321EC}.Release|Any CPU.ActiveCfg = Release|Any CPU
		{12C0544C-1445-4204-BF5C-1FFCC8C321EC}.Release|Any CPU.Build.0 = Release|Any CPU
		{097AD09E-8FD9-49BA-999E-41A5EC239FD9}.Debug|Any CPU.ActiveCfg = Debug|Any CPU
		{097AD09E-8FD9-49BA-999E-41A5EC239FD9}.Debug|Any CPU.Build.0 = Debug|Any CPU
		{097AD09E-8FD9-49BA-999E-41A5EC239FD9}.Release|Any CPU.ActiveCfg = Release|Any CPU
		{097AD09E-8FD9-49BA-999E-41A5EC239FD9}.Release|Any CPU.Build.0 = Release|Any CPU
		{F3C456F1-BAA2-4EF5-9370-62F8F2DC65CF}.Debug|Any CPU.ActiveCfg = Debug|Any CPU
		{F3C456F1-BAA2-4EF5-9370-62F8F2DC65CF}.Debug|Any CPU.Build.0 = Debug|Any CPU
		{F3C456F1-BAA2-4EF5-9370-62F8F2DC65CF}.Release|Any CPU.ActiveCfg = Release|Any CPU
		{F3C456F1-BAA2-4EF5-9370-62F8F2DC65CF}.Release|Any CPU.Build.0 = Release|Any CPU
		{4758D538-7291-4BD1-A954-17EAA213A9D2}.Debug|Any CPU.ActiveCfg = Debug|Any CPU
		{4758D538-7291-4BD1-A954-17EAA213A9D2}.Debug|Any CPU.Build.0 = Debug|Any CPU
		{4758D538-7291-4BD1-A954-17EAA213A9D2}.Release|Any CPU.ActiveCfg = Release|Any CPU
		{4758D538-7291-4BD1-A954-17EAA213A9D2}.Release|Any CPU.Build.0 = Release|Any CPU
		{7F018DCB-A236-428B-AFD0-1C494682C6DC}.Debug|Any CPU.ActiveCfg = Debug|Any CPU
		{7F018DCB-A236-428B-AFD0-1C494682C6DC}.Debug|Any CPU.Build.0 = Debug|Any CPU
		{7F018DCB-A236-428B-AFD0-1C494682C6DC}.Release|Any CPU.ActiveCfg = Release|Any CPU
		{7F018DCB-A236-428B-AFD0-1C494682C6DC}.Release|Any CPU.Build.0 = Release|Any CPU
	EndGlobalSection
EndGlobal
